
Microsoft Visual Studio Solution File, Format Version 12.00
Project("{FAE04EC0-301F-11D3-BF4B-00C04F79EFBC}") = "Mastermind.Core", "Mastermind.Core\Mastermind.Core.csproj", "{AC73EA5F-3649-4E89-9812-7F2F1D0CD3D8}"
EndProject
Project("{FAE04EC0-301F-11D3-BF4B-00C04F79EFBC}") = "Mastermind.Test", "Mastermind.Test\Mastermind.Test.csproj", "{894C99FC-52CD-4F54-A7C2-702820F4BFF8}"
EndProject
Project("{FAE04EC0-301F-11D3-BF4B-00C04F79EFBC}") = "Mastermind.Con", "Mastermind.Con\Mastermind.Con.csproj", "{D4B59F04-4144-4F00-9E16-62B3FA9EA5EE}"
EndProject
Global
	GlobalSection(SolutionConfigurationPlatforms) = preSolution
		Debug|Any CPU = Debug|Any CPU
		Release|Any CPU = Release|Any CPU
	EndGlobalSection
	GlobalSection(ProjectConfigurationPlatforms) = postSolution
		{AC73EA5F-3649-4E89-9812-7F2F1D0CD3D8}.Debug|Any CPU.ActiveCfg = Debug|Any CPU
		{AC73EA5F-3649-4E89-9812-7F2F1D0CD3D8}.Debug|Any CPU.Build.0 = Debug|Any CPU
		{AC73EA5F-3649-4E89-9812-7F2F1D0CD3D8}.Release|Any CPU.ActiveCfg = Release|Any CPU
		{AC73EA5F-3649-4E89-9812-7F2F1D0CD3D8}.Release|Any CPU.Build.0 = Release|Any CPU
		{894C99FC-52CD-4F54-A7C2-702820F4BFF8}.Debug|Any CPU.ActiveCfg = Debug|Any CPU
		{894C99FC-52CD-4F54-A7C2-702820F4BFF8}.Debug|Any CPU.Build.0 = Debug|Any CPU
		{894C99FC-52CD-4F54-A7C2-702820F4BFF8}.Release|Any CPU.ActiveCfg = Release|Any CPU
		{894C99FC-52CD-4F54-A7C2-702820F4BFF8}.Release|Any CPU.Build.0 = Release|Any CPU
		{D4B59F04-4144-4F00-9E16-62B3FA9EA5EE}.Debug|Any CPU.ActiveCfg = Debug|Any CPU
		{D4B59F04-4144-4F00-9E16-62B3FA9EA5EE}.Debug|Any CPU.Build.0 = Debug|Any CPU
		{D4B59F04-4144-4F00-9E16-62B3FA9EA5EE}.Release|Any CPU.ActiveCfg = Release|Any CPU
		{D4B59F04-4144-4F00-9E16-62B3FA9EA5EE}.Release|Any CPU.Build.0 = Release|Any CPU
	EndGlobalSection
EndGlobal
